
Microsoft Visual Studio Solution File, Format Version 12.00
# Visual Studio Version 17
VisualStudioVersion = 17.3.32901.215
MinimumVisualStudioVersion = 10.0.40219.1
Project("{8BC9CEB8-8B4A-11D0-8D11-00A0C91BC942}") = "PathTracer", "PathTracer\PathTracer.vcxproj", "{BDF9F1C9-08BD-4F2E-8C95-9E1F0D5BE0FA}"
EndProject
Project("{8BC9CEB8-8B4A-11D0-8D11-00A0C91BC942}") = "UnitTest1", "UnitTest1\UnitTest1.vcxproj", "{D2358369-94AB-40BF-BA7B-ADFDF1518F12}"
EndProject
Global
	GlobalSection(SolutionConfigurationPlatforms) = preSolution
		Debug|x64 = Debug|x64
		Debug|x86 = Debug|x86
		Release|x64 = Release|x64
		Release|x86 = Release|x86
	EndGlobalSection
	GlobalSection(ProjectConfigurationPlatforms) = postSolution
		{BDF9F1C9-08BD-4F2E-8C95-9E1F0D5BE0FA}.Debug|x64.ActiveCfg = Debug|x64
		{BDF9F1C9-08BD-4F2E-8C95-9E1F0D5BE0FA}.Debug|x64.Build.0 = Debug|x64
		{BDF9F1C9-08BD-4F2E-8C95-9E1F0D5BE0FA}.Debug|x86.ActiveCfg = Debug|Win32
		{BDF9F1C9-08BD-4F2E-8C95-9E1F0D5BE0FA}.Debug|x86.Build.0 = Debug|Win32
		{BDF9F1C9-08BD-4F2E-8C95-9E1F0D5BE0FA}.Release|x64.ActiveCfg = Release|x64
		{BDF9F1C9-08BD-4F2E-8C95-9E1F0D5BE0FA}.Release|x64.Build.0 = Release|x64
		{BDF9F1C9-08BD-4F2E-8C95-9E1F0D5BE0FA}.Release|x86.ActiveCfg = Release|Win32
		{BDF9F1C9-08BD-4F2E-8C95-9E1F0D5BE0FA}.Release|x86.Build.0 = Release|Win32
		{D2358369-94AB-40BF-BA7B-ADFDF1518F12}.Debug|x64.ActiveCfg = Debug|x64
		{D2358369-94AB-40BF-BA7B-ADFDF1518F12}.Debug|x64.Build.0 = Debug|x64
		{D2358369-94AB-40BF-BA7B-ADFDF1518F12}.Debug|x86.ActiveCfg = Debug|Win32
		{D2358369-94AB-40BF-BA7B-ADFDF1518F12}.Debug|x86.Build.0 = Debug|Win32
		{D2358369-94AB-40BF-BA7B-ADFDF1518F12}.Release|x64.ActiveCfg = Release|x64
		{D2358369-94AB-40BF-BA7B-ADFDF1518F12}.Release|x64.Build.0 = Release|x64
		{D2358369-94AB-40BF-BA7B-ADFDF1518F12}.Release|x86.ActiveCfg = Release|Win32
		{D2358369-94AB-40BF-BA7B-ADFDF1518F12}.Release|x86.Build.0 = Release|Win32
	EndGlobalSection
	GlobalSection(SolutionProperties) = preSolution
		HideSolutionNode = FALSE
	EndGlobalSection
	GlobalSection(ExtensibilityGlobals) = postSolution
		SolutionGuid = {B6AC0847-6140-40DA-8961-1AE9EFACEECE}
	EndGlobalSection
EndGlobal
